
Microsoft Visual Studio Solution File, Format Version 11.00
# Visual Studio 2010
Project("{FAE04EC0-301F-11D3-BF4B-00C04F79EFBC}") = "Atestat", "Atestat\Atestat.csproj", "{FFDF8797-A6D0-49CE-9693-18FA054D2CBD}"
EndProject
Global
	GlobalSection(SolutionConfigurationPlatforms) = preSolution
		Debug|x86 = Debug|x86
		Release|x86 = Release|x86
	EndGlobalSection
	GlobalSection(ProjectConfigurationPlatforms) = postSolution
		{FFDF8797-A6D0-49CE-9693-18FA054D2CBD}.Debug|x86.ActiveCfg = Debug|x86
		{FFDF8797-A6D0-49CE-9693-18FA054D2CBD}.Debug|x86.Build.0 = Debug|x86
		{FFDF8797-A6D0-49CE-9693-18FA054D2CBD}.Release|x86.ActiveCfg = Release|x86
		{FFDF8797-A6D0-49CE-9693-18FA054D2CBD}.Release|x86.Build.0 = Release|x86
	EndGlobalSection
	GlobalSection(SolutionProperties) = preSolution
		HideSolutionNode = FALSE
	EndGlobalSection
EndGlobal
